
Microsoft Visual Studio Solution File, Format Version 12.00
# Visual Studio 15
VisualStudioVersion = 15.0.27130.2010
MinimumVisualStudioVersion = 10.0.40219.1
Project("{8BC9CEB8-8B4A-11D0-8D11-00A0C91BC942}") = "tunnel", "tunnel\tunnel.vcxproj", "{B7FF748E-DCDE-4695-B2F5-D18FD58B3570}"
EndProject
Global
	GlobalSection(SolutionConfigurationPlatforms) = preSolution
		Debug|Win32 = Debug|Win32
		Debug|x64 = Debug|x64
		DebugDLL|Win32 = DebugDLL|Win32
		DebugDLL|x64 = DebugDLL|x64
		Release|Win32 = Release|Win32
		Release|x64 = Release|x64
		ReleaseDLL|Win32 = ReleaseDLL|Win32
		ReleaseDLL|x64 = ReleaseDLL|x64
		RelWithDebInfo|Win32 = RelWithDebInfo|Win32
		RelWithDebInfo|x64 = RelWithDebInfo|x64
		StaticDebug|Win32 = StaticDebug|Win32
		StaticDebug|x64 = StaticDebug|x64
		StaticRelease|Win32 = StaticRelease|Win32
		StaticRelease|x64 = StaticRelease|x64
		WithOpenPGM|Win32 = WithOpenPGM|Win32
		WithOpenPGM|x64 = WithOpenPGM|x64
	EndGlobalSection
	GlobalSection(ProjectConfigurationPlatforms) = postSolution
		{B7FF748E-DCDE-4695-B2F5-D18FD58B3570}.Debug|Win32.ActiveCfg = Debug|Win32
		{B7FF748E-DCDE-4695-B2F5-D18FD58B3570}.Debug|Win32.Build.0 = Debug|Win32
		{B7FF748E-DCDE-4695-B2F5-D18FD58B3570}.Debug|x64.ActiveCfg = Debug|x64
		{B7FF748E-DCDE-4695-B2F5-D18FD58B3570}.Debug|x64.Build.0 = Debug|x64
		{B7FF748E-DCDE-4695-B2F5-D18FD58B3570}.DebugDLL|Win32.ActiveCfg = Debug|Win32
		{B7FF748E-DCDE-4695-B2F5-D18FD58B3570}.DebugDLL|Win32.Build.0 = Debug|Win32
		{B7FF748E-DCDE-4695-B2F5-D18FD58B3570}.DebugDLL|x64.ActiveCfg = Debug|x64
		{B7FF748E-DCDE-4695-B2F5-D18FD58B3570}.DebugDLL|x64.Build.0 = Debug|x64
		{B7FF748E-DCDE-4695-B2F5-D18FD58B3570}.Release|Win32.ActiveCfg = Release|Win32
		{B7FF748E-DCDE-4695-B2F5-D18FD58B3570}.Release|Win32.Build.0 = Release|Win32
		{B7FF748E-DCDE-4695-B2F5-D18FD58B3570}.Release|x64.ActiveCfg = Release|x64
		{B7FF748E-DCDE-4695-B2F5-D18FD58B3570}.Release|x64.Build.0 = Release|x64
		{B7FF748E-DCDE-4695-B2F5-D18FD58B3570}.ReleaseDLL|Win32.ActiveCfg = Release|Win32
		{B7FF748E-DCDE-4695-B2F5-D18FD58B3570}.ReleaseDLL|Win32.Build.0 = Release|Win32
		{B7FF748E-DCDE-4695-B2F5-D18FD58B3570}.ReleaseDLL|x64.ActiveCfg = Release|x64
		{B7FF748E-DCDE-4695-B2F5-D18FD58B3570}.ReleaseDLL|x64.Build.0 = Release|x64
		{B7FF748E-DCDE-4695-B2F5-D18FD58B3570}.RelWithDebInfo|Win32.ActiveCfg = Release|Win32
		{B7FF748E-DCDE-4695-B2F5-D18FD58B3570}.RelWithDebInfo|Win32.Build.0 = Release|Win32
		{B7FF748E-DCDE-4695-B2F5-D18FD58B3570}.RelWithDebInfo|x64.ActiveCfg = Release|x64
		{B7FF748E-DCDE-4695-B2F5-D18FD58B3570}.RelWithDebInfo|x64.Build.0 = Release|x64
		{B7FF748E-DCDE-4695-B2F5-D18FD58B3570}.StaticDebug|Win32.ActiveCfg = Debug|Win32
		{B7FF748E-DCDE-4695-B2F5-D18FD58B3570}.StaticDebug|Win32.Build.0 = Debug|Win32
		{B7FF748E-DCDE-4695-B2F5-D18FD58B3570}.StaticDebug|x64.ActiveCfg = Debug|x64
		{B7FF748E-DCDE-4695-B2F5-D18FD58B3570}.StaticDebug|x64.Build.0 = Debug|x64
		{B7FF748E-DCDE-4695-B2F5-D18FD58B3570}.StaticRelease|Win32.ActiveCfg = Release|Win32
		{B7FF748E-DCDE-4695-B2F5-D18FD58B3570}.StaticRelease|Win32.Build.0 = Release|Win32
		{B7FF748E-DCDE-4695-B2F5-D18FD58B3570}.StaticRelease|x64.ActiveCfg = Release|x64
		{B7FF748E-DCDE-4695-B2F5-D18FD58B3570}.StaticRelease|x64.Build.0 = Release|x64
		{B7FF748E-DCDE-4695-B2F5-D18FD58B3570}.WithOpenPGM|Win32.ActiveCfg = Release|Win32
		{B7FF748E-DCDE-4695-B2F5-D18FD58B3570}.WithOpenPGM|Win32.Build.0 = Release|Win32
		{B7FF748E-DCDE-4695-B2F5-D18FD58B3570}.WithOpenPGM|x64.ActiveCfg = Release|x64
		{B7FF748E-DCDE-4695-B2F5-D18FD58B3570}.WithOpenPGM|x64.Build.0 = Release|x64
	EndGlobalSection
	GlobalSection(SolutionProperties) = preSolution
		HideSolutionNode = FALSE
	EndGlobalSection
	GlobalSection(ExtensibilityGlobals) = postSolution
		SolutionGuid = {3339215C-668D-4ECF-A4EE-4FCD9B4885DA}
	EndGlobalSection
EndGlobal
